{
  "version": 4,
  "terraform_version": "1.4.2",
  "serial": 20,
  "lineage": "b84e363a-a3cd-3b26-d942-0a346e10bd90",
  "outputs": {
    "privateKeyOpenSSH": {
      "value": "",
      "type": "string",
      "sensitive": true
    },
    "publicKeyPem": {
      "value": "-----BEGIN PUBLIC KEY-----\nME4wEAYHKoZIzj0CAQYFK4EEACEDOgAEg+/2gnIwlsqA6XohzQ/Weo6ZtW6Md48z\npWZ2OsdQcgJUV7FkcBxslGG5atEi0sgscVpScZCE3tk=\n-----END PUBLIC KEY-----\n",
      "type": "string"
    }
  },
  "resources": [
    {
      "module": "module.claves_ssh",
      "mode": "managed",
      "type": "tls_private_key",
      "name": "claves",
      "provider": "provider[\"registry.terraform.io/hashicorp/tls\"]",
      "instances": [
        {
          "index_key": 0,
          "schema_version": 1,
          "attributes": {
            "algorithm": "ECDSA",
            "ecdsa_curve": "P224",
            "id": "283eb1089f8a508b53021992004d325ba63d9311",
            "private_key_openssh": "",
            "private_key_pem": "-----BEGIN EC PRIVATE KEY-----\nMGgCAQEEHDD7T48NPrdQxe6Wi2U1Zqq9vIfLhUPrt1Bcye2gBwYFK4EEACGhPAM6\nAASD7/aCcjCWyoDpeiHND9Z6jpm1box3jzOlZnY6x1ByAlRXsWRwHGyUYblq0SLS\nyCxxWlJxkITe2Q==\n-----END EC PRIVATE KEY-----\n",
            "private_key_pem_pkcs8": "-----BEGIN PRIVATE KEY-----\nMHgCAQAwEAYHKoZIzj0CAQYFK4EEACEEYTBfAgEBBBww+0+PDT63UMXulotlNWaq\nvbyHy4VD67dQXMntoTwDOgAEg+/2gnIwlsqA6XohzQ/Weo6ZtW6Md48zpWZ2OsdQ\ncgJUV7FkcBxslGG5atEi0sgscVpScZCE3tk=\n-----END PRIVATE KEY-----\n",
            "public_key_fingerprint_md5": "",
            "public_key_fingerprint_sha256": "",
            "public_key_openssh": "",
            "public_key_pem": "-----BEGIN PUBLIC KEY-----\nME4wEAYHKoZIzj0CAQYFK4EEACEDOgAEg+/2gnIwlsqA6XohzQ/Weo6ZtW6Md48z\npWZ2OsdQcgJUV7FkcBxslGG5atEi0sgscVpScZCE3tk=\n-----END PUBLIC KEY-----\n",
            "rsa_bits": 2048
          },
          "sensitive_attributes": []
        }
      ]
    }
  ],
  "check_results": null
}
