{
  "version": 4,
  "terraform_version": "1.4.2",
  "serial": 24,
  "lineage": "b84e363a-a3cd-3b26-d942-0a346e10bd90",
  "outputs": {
    "privateKeyOpenSSH": {
      "value": "-----BEGIN OPENSSH PRIVATE KEY-----\nb3BlbnNzaC1rZXktdjEAAAAABG5vbmUAAAAEbm9uZQAAAAAAAAABAAAAMwAAAAtz\nc2gtZWQyNTUxOQAAACBxcT4+oj6faPKMAFHfmze8ILyoyNND6EDU4YVaL4JHUAAA\nAIhNwdVXTcHVVwAAAAtzc2gtZWQyNTUxOQAAACBxcT4+oj6faPKMAFHfmze8ILyo\nyNND6EDU4YVaL4JHUAAAAEDDeko3STq/0ivcGSZJF42uNzqBskrUfvSlMHf4mFQU\nWXFxPj6iPp9o8owAUd+bN7wgvKjI00PoQNThhVovgkdQAAAAAAECAwQF\n-----END OPENSSH PRIVATE KEY-----\n",
      "type": "string",
      "sensitive": true
    },
    "publicKeyPem": {
      "value": "-----BEGIN PUBLIC KEY-----\nMCowBQYDK2VwAyEAcXE+PqI+n2jyjABR35s3vCC8qMjTQ+hA1OGFWi+CR1A=\n-----END PUBLIC KEY-----\n",
      "type": "string"
    }
  },
  "resources": [
    {
      "module": "module.claves_ssh",
      "mode": "managed",
      "type": "tls_private_key",
      "name": "claves",
      "provider": "provider[\"registry.terraform.io/hashicorp/tls\"]",
      "instances": [
        {
          "index_key": 0,
          "schema_version": 1,
          "attributes": {
            "algorithm": "ED25519",
            "ecdsa_curve": "P224",
            "id": "0da74fb502469a103f8314aebe74cf66d4f98456",
            "private_key_openssh": "-----BEGIN OPENSSH PRIVATE KEY-----\nb3BlbnNzaC1rZXktdjEAAAAABG5vbmUAAAAEbm9uZQAAAAAAAAABAAAAMwAAAAtz\nc2gtZWQyNTUxOQAAACBxcT4+oj6faPKMAFHfmze8ILyoyNND6EDU4YVaL4JHUAAA\nAIhNwdVXTcHVVwAAAAtzc2gtZWQyNTUxOQAAACBxcT4+oj6faPKMAFHfmze8ILyo\nyNND6EDU4YVaL4JHUAAAAEDDeko3STq/0ivcGSZJF42uNzqBskrUfvSlMHf4mFQU\nWXFxPj6iPp9o8owAUd+bN7wgvKjI00PoQNThhVovgkdQAAAAAAECAwQF\n-----END OPENSSH PRIVATE KEY-----\n",
            "private_key_pem": "-----BEGIN PRIVATE KEY-----\nMC4CAQAwBQYDK2VwBCIEIMN6SjdJOr/SK9wZJkkXja43OoGyStR+9KUwd/iYVBRZ\n-----END PRIVATE KEY-----\n",
            "private_key_pem_pkcs8": "-----BEGIN PRIVATE KEY-----\nMC4CAQAwBQYDK2VwBCIEIMN6SjdJOr/SK9wZJkkXja43OoGyStR+9KUwd/iYVBRZ\n-----END PRIVATE KEY-----\n",
            "public_key_fingerprint_md5": "56:ec:95:5f:2e:64:e3:bb:13:d8:93:ca:67:e5:e2:0f",
            "public_key_fingerprint_sha256": "SHA256:5txWaNBE8aCedBS/PQ2j80+kIIR+PPMwHNshFMHuaiQ",
            "public_key_openssh": "ssh-ed25519 AAAAC3NzaC1lZDI1NTE5AAAAIHFxPj6iPp9o8owAUd+bN7wgvKjI00PoQNThhVovgkdQ\n",
            "public_key_pem": "-----BEGIN PUBLIC KEY-----\nMCowBQYDK2VwAyEAcXE+PqI+n2jyjABR35s3vCC8qMjTQ+hA1OGFWi+CR1A=\n-----END PUBLIC KEY-----\n",
            "rsa_bits": 2048
          },
          "sensitive_attributes": []
        }
      ]
    }
  ],
  "check_results": null
}
