{
  "version": 4,
  "terraform_version": "1.4.2",
  "serial": 6,
  "lineage": "7847cdb8-50f1-fcbe-cf72-dc76b3a201a8",
  "outputs": {
    "resultado_ping": {
      "value": false,
      "type": "bool"
    }
  },
  "resources": [
    {
      "mode": "data",
      "type": "aws_ami",
      "name": "mi_imagen",
      "provider": "provider[\"registry.terraform.io/hashicorp/aws\"]",
      "instances": [
        {
          "schema_version": 0,
          "attributes": {
            "architecture": "x86_64",
            "arn": "arn:aws:ec2:eu-west-1::image/ami-00aa9d3df94c6c354",
            "block_device_mappings": [
              {
                "device_name": "/dev/sda1",
                "ebs": {
                  "delete_on_termination": "true",
                  "encrypted": "false",
                  "iops": "0",
                  "snapshot_id": "snap-0e59bd435cfeb8323",
                  "throughput": "0",
                  "volume_size": "8",
                  "volume_type": "gp2"
                },
                "no_device": "",
                "virtual_name": ""
              },
              {
                "device_name": "/dev/sdb",
                "ebs": {},
                "no_device": "",
                "virtual_name": "ephemeral0"
              },
              {
                "device_name": "/dev/sdc",
                "ebs": {},
                "no_device": "",
                "virtual_name": "ephemeral1"
              }
            ],
            "boot_mode": "legacy-bios",
            "creation_date": "2023-03-25T06:25:45.000Z",
            "deprecation_time": "2025-03-25T06:25:45.000Z",
            "description": "Canonical, Ubuntu, 22.04 LTS, amd64 jammy image build on 2023-03-25",
            "ena_support": true,
            "executable_users": null,
            "filter": [
              {
                "name": "name",
                "values": [
                  "*ubuntu-jammy-22.04-amd64-server-*"
                ]
              },
              {
                "name": "root-device-type",
                "values": [
                  "ebs"
                ]
              },
              {
                "name": "virtualization-type",
                "values": [
                  "hvm"
                ]
              }
            ],
            "hypervisor": "xen",
            "id": "ami-00aa9d3df94c6c354",
            "image_id": "ami-00aa9d3df94c6c354",
            "image_location": "amazon/ubuntu/images/hvm-ssd/ubuntu-jammy-22.04-amd64-server-20230325",
            "image_owner_alias": "amazon",
            "image_type": "machine",
            "imds_support": "",
            "include_deprecated": false,
            "kernel_id": "",
            "most_recent": true,
            "name": "ubuntu/images/hvm-ssd/ubuntu-jammy-22.04-amd64-server-20230325",
            "name_regex": null,
            "owner_id": "099720109477",
            "owners": [
              "099720109477"
            ],
            "platform": "",
            "platform_details": "Linux/UNIX",
            "product_codes": [],
            "public": true,
            "ramdisk_id": "",
            "root_device_name": "/dev/sda1",
            "root_device_type": "ebs",
            "root_snapshot_id": "snap-0e59bd435cfeb8323",
            "sriov_net_support": "simple",
            "state": "available",
            "state_reason": {
              "code": "UNSET",
              "message": "UNSET"
            },
            "tags": {},
            "timeouts": null,
            "tpm_support": "",
            "usage_operation": "RunInstances",
            "virtualization_type": "hvm"
          },
          "sensitive_attributes": []
        }
      ]
    },
    {
      "mode": "managed",
      "type": "aws_instance",
      "name": "mi_servidor",
      "provider": "provider[\"registry.terraform.io/hashicorp/aws\"]",
      "instances": [
        {
          "schema_version": 1,
          "attributes": {
            "ami": "ami-00aa9d3df94c6c354",
            "arn": "arn:aws:ec2:eu-west-1:639988086142:instance/i-0416984c6872119e6",
            "associate_public_ip_address": true,
            "availability_zone": "eu-west-1a",
            "capacity_reservation_specification": [
              {
                "capacity_reservation_preference": "open",
                "capacity_reservation_target": []
              }
            ],
            "cpu_core_count": 1,
            "cpu_threads_per_core": 1,
            "credit_specification": [
              {
                "cpu_credits": "standard"
              }
            ],
            "disable_api_stop": false,
            "disable_api_termination": false,
            "ebs_block_device": [],
            "ebs_optimized": false,
            "enclave_options": [
              {
                "enabled": false
              }
            ],
            "ephemeral_block_device": [],
            "get_password_data": false,
            "hibernation": false,
            "host_id": "",
            "host_resource_group_arn": null,
            "iam_instance_profile": "",
            "id": "i-0416984c6872119e6",
            "instance_initiated_shutdown_behavior": "stop",
            "instance_state": "running",
            "instance_type": "t2.micro",
            "ipv6_address_count": 0,
            "ipv6_addresses": [],
            "key_name": "claves-prueba-ivan2",
            "launch_template": [],
            "maintenance_options": [
              {
                "auto_recovery": "default"
              }
            ],
            "metadata_options": [
              {
                "http_endpoint": "enabled",
                "http_put_response_hop_limit": 1,
                "http_tokens": "optional",
                "instance_metadata_tags": "disabled"
              }
            ],
            "monitoring": false,
            "network_interface": [],
            "outpost_arn": "",
            "password_data": "",
            "placement_group": "",
            "placement_partition_number": 0,
            "primary_network_interface_id": "eni-0d581170470cf9a23",
            "private_dns": "ip-172-31-8-196.eu-west-1.compute.internal",
            "private_dns_name_options": [
              {
                "enable_resource_name_dns_a_record": false,
                "enable_resource_name_dns_aaaa_record": false,
                "hostname_type": "ip-name"
              }
            ],
            "private_ip": "172.31.8.196",
            "public_dns": "ec2-63-35-194-226.eu-west-1.compute.amazonaws.com",
            "public_ip": "63.35.194.226",
            "root_block_device": [
              {
                "delete_on_termination": true,
                "device_name": "/dev/sda1",
                "encrypted": false,
                "iops": 100,
                "kms_key_id": "",
                "tags": {},
                "throughput": 0,
                "volume_id": "vol-045c7070fc1f7d102",
                "volume_size": 8,
                "volume_type": "gp2"
              }
            ],
            "secondary_private_ips": [],
            "security_groups": [
              "terraform-20230331115518333500000001"
            ],
            "source_dest_check": true,
            "subnet_id": "subnet-89665def",
            "tags": {
              "Name": "maquina-ivan2"
            },
            "tags_all": {
              "Name": "maquina-ivan2"
            },
            "tenancy": "default",
            "timeouts": null,
            "user_data": null,
            "user_data_base64": null,
            "user_data_replace_on_change": false,
            "volume_tags": null,
            "vpc_security_group_ids": [
              "sg-0fb6cd5e3efd06aaf"
            ]
          },
          "sensitive_attributes": [],
          "private": "eyJlMmJmYjczMC1lY2FhLTExZTYtOGY4OC0zNDM2M2JjN2M0YzAiOnsiY3JlYXRlIjo2MDAwMDAwMDAwMDAsImRlbGV0ZSI6MTIwMDAwMDAwMDAwMCwidXBkYXRlIjo2MDAwMDAwMDAwMDB9LCJzY2hlbWFfdmVyc2lvbiI6IjEifQ==",
          "dependencies": [
            "aws_key_pair.mis_claves",
            "aws_security_group.mi_security_group",
            "data.aws_ami.mi_imagen",
            "module.claves_ssh.tls_private_key.claves"
          ]
        }
      ]
    },
    {
      "mode": "managed",
      "type": "aws_key_pair",
      "name": "mis_claves",
      "provider": "provider[\"registry.terraform.io/hashicorp/aws\"]",
      "instances": [
        {
          "schema_version": 1,
          "attributes": {
            "arn": "arn:aws:ec2:eu-west-1:639988086142:key-pair/claves-prueba-ivan2",
            "fingerprint": "2d:7e:d9:11:5a:e3:a5:d7:c6:72:21:d4:df:1b:67:72",
            "id": "claves-prueba-ivan2",
            "key_name": "claves-prueba-ivan2",
            "key_name_prefix": "",
            "key_pair_id": "key-0dbca05bab595288b",
            "key_type": "rsa",
            "public_key": "ssh-rsa AAAAB3NzaC1yc2EAAAADAQABAAACAQDxntLsDYRWfo19nN4d7J2rgeNWCzDZrGfaO0CtVkx57Mrdmvg/9PsXCo9uJPK7IlsfG/+9Of66Lce9qgzlShRh0Idf4amS8j++WxVYyOQF6iBCSCLqExP6BKxSfZQFYEOgoGWpjcU7BAQDDJOX9/pMgg/zWQD4FJ4iPL6MiKuxNtJ7GBH2xJXqVjDvOFWRP9hIxhcH8POrJ18gtMKUu9x1IMDcs/TrVPkYWP5v2XqpqfEx99eaSdC2JjNHcATnTPqEXEKvi/EYhrtZ+UL6NEuNYIBUIkymgbSoTNzzMBuOY/g03OSSWzfOPKuw3D0K4fffwl1NIKJQO24Ara5ltLifAlZuif60ByQ7OxY/FAMd5PGO1ix/z7PrTelvxf9dtQ7IkIbrSZMRyAT5qlJplqYaNXTV6TmE9oAIWgxbBgOXmEgI5KVu+gIKt1xTWUnYPddGhq0UaKll/XYKxxdOwSDxzq6nJB1Rcfk+iABg9jzfq2F6Tn5CdBJmzABtOacswB57Bx2iiLQEM2uobXkiXBVpdV5n6xPlvwiza3+Ib/a3qzMq/LAfYJSeZPo3VdWz/2fssv+5HOG2VYfA567tj7tLVxylLuP1zEob0yyLqOKwwsZnTAasd+F68ttTpgRnthry99SmaiYjCf37F+vbfeC0zg/9XmWU1+VM9mZ41IAzZQ==",
            "tags": null,
            "tags_all": {}
          },
          "sensitive_attributes": [],
          "private": "eyJzY2hlbWFfdmVyc2lvbiI6IjEifQ==",
          "dependencies": [
            "module.claves_ssh.tls_private_key.claves"
          ]
        }
      ]
    },
    {
      "mode": "managed",
      "type": "aws_security_group",
      "name": "mi_security_group",
      "provider": "provider[\"registry.terraform.io/hashicorp/aws\"]",
      "instances": [
        {
          "schema_version": 1,
          "attributes": {
            "arn": "arn:aws:ec2:eu-west-1:639988086142:security-group/sg-0fb6cd5e3efd06aaf",
            "description": "Managed by Terraform",
            "egress": [
              {
                "cidr_blocks": [
                  "0.0.0.0/0"
                ],
                "description": "",
                "from_port": 0,
                "ipv6_cidr_blocks": [],
                "prefix_list_ids": [],
                "protocol": "tcp",
                "security_groups": [],
                "self": false,
                "to_port": 65535
              },
              {
                "cidr_blocks": [
                  "0.0.0.0/0"
                ],
                "description": "",
                "from_port": 0,
                "ipv6_cidr_blocks": [],
                "prefix_list_ids": [],
                "protocol": "udp",
                "security_groups": [],
                "self": false,
                "to_port": 65535
              }
            ],
            "id": "sg-0fb6cd5e3efd06aaf",
            "ingress": [
              {
                "cidr_blocks": [
                  "0.0.0.0/0"
                ],
                "description": "",
                "from_port": -1,
                "ipv6_cidr_blocks": [],
                "prefix_list_ids": [],
                "protocol": "icmp",
                "security_groups": [],
                "self": false,
                "to_port": -1
              },
              {
                "cidr_blocks": [
                  "0.0.0.0/0"
                ],
                "description": "",
                "from_port": 0,
                "ipv6_cidr_blocks": [],
                "prefix_list_ids": [],
                "protocol": "tcp",
                "security_groups": [],
                "self": false,
                "to_port": 65535
              },
              {
                "cidr_blocks": [
                  "0.0.0.0/0"
                ],
                "description": "",
                "from_port": 0,
                "ipv6_cidr_blocks": [],
                "prefix_list_ids": [],
                "protocol": "udp",
                "security_groups": [],
                "self": false,
                "to_port": 65535
              }
            ],
            "name": "terraform-20230331115518333500000001",
            "name_prefix": "terraform-",
            "owner_id": "639988086142",
            "revoke_rules_on_delete": false,
            "tags": {
              "Name": "security-group-ivan2"
            },
            "tags_all": {
              "Name": "security-group-ivan2"
            },
            "timeouts": null,
            "vpc_id": "vpc-e5ef219c"
          },
          "sensitive_attributes": [],
          "private": "eyJlMmJmYjczMC1lY2FhLTExZTYtOGY4OC0zNDM2M2JjN2M0YzAiOnsiY3JlYXRlIjo2MDAwMDAwMDAwMDAsImRlbGV0ZSI6OTAwMDAwMDAwMDAwfSwic2NoZW1hX3ZlcnNpb24iOiIxIn0="
        }
      ]
    },
    {
      "module": "module.pruebas",
      "mode": "managed",
      "type": "null_resource",
      "name": "ping_test",
      "provider": "provider[\"registry.terraform.io/hashicorp/null\"]",
      "instances": [
        {
          "index_key": 0,
          "schema_version": 0,
          "attributes": {
            "id": "8707151812103242803",
            "triggers": {
              "cuando": "c4dbc1c2-65d0-9944-344e-a9f26e2da215"
            }
          },
          "sensitive_attributes": [],
          "dependencies": [
            "aws_instance.mi_servidor",
            "aws_key_pair.mis_claves",
            "aws_security_group.mi_security_group",
            "data.aws_ami.mi_imagen",
            "module.claves_ssh.tls_private_key.claves"
          ]
        }
      ]
    },
    {
      "module": "module.pruebas",
      "mode": "managed",
      "type": "null_resource",
      "name": "ssh_connection_test",
      "provider": "provider[\"registry.terraform.io/hashicorp/null\"]",
      "instances": [
        {
          "index_key": 0,
          "schema_version": 0,
          "attributes": {
            "id": "3775874830856770310",
            "triggers": {
              "cuando": "70129346-9582-6f25-67ef-27285ef2e3e2"
            }
          },
          "sensitive_attributes": [],
          "dependencies": [
            "aws_instance.mi_servidor",
            "aws_key_pair.mis_claves",
            "aws_security_group.mi_security_group",
            "data.aws_ami.mi_imagen",
            "module.claves_ssh.tls_private_key.claves"
          ]
        }
      ]
    }
  ],
  "check_results": null
}
