{
  "version": 4,
  "terraform_version": "1.4.2",
  "serial": 77,
  "lineage": "d8e59f45-a91a-c5ae-d611-6ba1460846cd",
  "outputs": {
    "resultado_ping": {
      "value": true,
      "type": "bool"
    }
  },
  "resources": [
    {
      "mode": "managed",
      "type": "docker_container",
      "name": "mi_contenedor",
      "provider": "provider[\"registry.terraform.io/kreuzwerker/docker\"]",
      "instances": [
        {
          "schema_version": 2,
          "attributes": {
            "attach": false,
            "bridge": "",
            "capabilities": [],
            "cgroupns_mode": null,
            "command": [
              "/usr/sbin/sshd",
              "-D"
            ],
            "container_logs": null,
            "container_read_refresh_timeout_milliseconds": 15000,
            "cpu_set": "",
            "cpu_shares": 0,
            "destroy_grace_seconds": null,
            "devices": [],
            "dns": [],
            "dns_opts": [],
            "dns_search": [],
            "domainname": "",
            "entrypoint": [],
            "env": [],
            "exit_code": null,
            "gpus": null,
            "group_add": [],
            "healthcheck": [],
            "host": [],
            "hostname": "b2841ec839ae",
            "id": "b2841ec839ae4d214a03ae8bcc30cfecc11b7827bb25720b5890809e14bf48b2",
            "image": "sha256:08f01ce8fd9f39a3668146ffc9e62a94317a100007b9ddfebc6267a870f541ae",
            "init": false,
            "ipc_mode": "private",
            "labels": [],
            "log_driver": "json-file",
            "log_opts": {},
            "logs": false,
            "max_retry_count": 0,
            "memory": 0,
            "memory_swap": 0,
            "mounts": [],
            "must_run": true,
            "name": "micontenedorPruebas",
            "network_data": [
              {
                "gateway": "172.17.0.1",
                "global_ipv6_address": "",
                "global_ipv6_prefix_length": 0,
                "ip_address": "172.17.0.2",
                "ip_prefix_length": 16,
                "ipv6_gateway": "",
                "network_name": "bridge"
              }
            ],
            "network_mode": "default",
            "networks_advanced": [],
            "pid_mode": "",
            "ports": [],
            "privileged": false,
            "publish_all_ports": false,
            "read_only": false,
            "remove_volumes": true,
            "restart": "no",
            "rm": false,
            "runtime": "runc",
            "security_opts": [],
            "shm_size": 64,
            "start": true,
            "stdin_open": false,
            "stop_signal": "",
            "stop_timeout": 0,
            "storage_opts": {},
            "sysctls": {},
            "tmpfs": {},
            "tty": false,
            "ulimit": [],
            "upload": [],
            "user": "",
            "userns_mode": "",
            "volumes": [],
            "wait": false,
            "wait_timeout": 60,
            "working_dir": ""
          },
          "sensitive_attributes": [],
          "private": "eyJzY2hlbWFfdmVyc2lvbiI6IjIifQ==",
          "dependencies": [
            "docker_image.mi_imagen"
          ]
        }
      ]
    },
    {
      "mode": "managed",
      "type": "docker_image",
      "name": "mi_imagen",
      "provider": "provider[\"registry.terraform.io/kreuzwerker/docker\"]",
      "instances": [
        {
          "schema_version": 0,
          "attributes": {
            "build": [],
            "force_remove": null,
            "id": "sha256:08f01ce8fd9f39a3668146ffc9e62a94317a100007b9ddfebc6267a870f541aerastasheep/ubuntu-sshd:18.04",
            "image_id": "sha256:08f01ce8fd9f39a3668146ffc9e62a94317a100007b9ddfebc6267a870f541ae",
            "keep_locally": null,
            "name": "rastasheep/ubuntu-sshd:18.04",
            "platform": null,
            "pull_triggers": null,
            "repo_digest": "rastasheep/ubuntu-sshd@sha256:1df808ccf95c13b8e62548ad434829bc28ee701a65624e5c0440fc24482e4a62",
            "triggers": null
          },
          "sensitive_attributes": [],
          "private": "bnVsbA=="
        }
      ]
    },
    {
      "module": "module.pruebas",
      "mode": "managed",
      "type": "null_resource",
      "name": "ping_test",
      "provider": "provider[\"registry.terraform.io/hashicorp/null\"]",
      "instances": [
        {
          "index_key": 0,
          "schema_version": 0,
          "attributes": {
            "id": "693096944164746504",
            "triggers": {
              "cuando": "283af3a0-53dd-9ae6-2326-cd60589cebf0"
            }
          },
          "sensitive_attributes": [],
          "dependencies": [
            "docker_container.mi_contenedor"
          ]
        }
      ]
    }
  ],
  "check_results": null
}
